
Microsoft Visual Studio Solution File, Format Version 12.00
# Visual Studio Version 16
VisualStudioVersion = 16.0.30803.129
MinimumVisualStudioVersion = 10.0.40219.1
Project("{9A19103F-16F7-4668-BE54-9A1E7A4F7556}") = "vtFrontend.GUI", "vtFrontend.GUI\vtFrontend.GUI.csproj", "{054469D4-68EA-4825-8DA1-74100DD89402}"
EndProject
Project("{9A19103F-16F7-4668-BE54-9A1E7A4F7556}") = "vtFrontend.lib", "vtFrontend.lib\vtFrontend.lib.csproj", "{69F1137A-3F76-40BD-BCAE-F3DA7C406F48}"
EndProject
Project("{FAE04EC0-301F-11D3-BF4B-00C04F79EFBC}") = "vtFrontend.UnitTests", "vtFrontend.UnitTests\vtFrontend.UnitTests.csproj", "{28AFEC6E-8663-461A-A565-20FACD074424}"
EndProject
Global
	GlobalSection(SolutionConfigurationPlatforms) = preSolution
		Debug|Any CPU = Debug|Any CPU
		Release|Any CPU = Release|Any CPU
	EndGlobalSection
	GlobalSection(ProjectConfigurationPlatforms) = postSolution
		{054469D4-68EA-4825-8DA1-74100DD89402}.Debug|Any CPU.ActiveCfg = Debug|Any CPU
		{054469D4-68EA-4825-8DA1-74100DD89402}.Debug|Any CPU.Build.0 = Debug|Any CPU
		{054469D4-68EA-4825-8DA1-74100DD89402}.Release|Any CPU.ActiveCfg = Release|Any CPU
		{054469D4-68EA-4825-8DA1-74100DD89402}.Release|Any CPU.Build.0 = Release|Any CPU
		{69F1137A-3F76-40BD-BCAE-F3DA7C406F48}.Debug|Any CPU.ActiveCfg = Debug|Any CPU
		{69F1137A-3F76-40BD-BCAE-F3DA7C406F48}.Debug|Any CPU.Build.0 = Debug|Any CPU
		{69F1137A-3F76-40BD-BCAE-F3DA7C406F48}.Release|Any CPU.ActiveCfg = Release|Any CPU
		{69F1137A-3F76-40BD-BCAE-F3DA7C406F48}.Release|Any CPU.Build.0 = Release|Any CPU
		{28AFEC6E-8663-461A-A565-20FACD074424}.Debug|Any CPU.ActiveCfg = Debug|Any CPU
		{28AFEC6E-8663-461A-A565-20FACD074424}.Debug|Any CPU.Build.0 = Debug|Any CPU
		{28AFEC6E-8663-461A-A565-20FACD074424}.Release|Any CPU.ActiveCfg = Release|Any CPU
		{28AFEC6E-8663-461A-A565-20FACD074424}.Release|Any CPU.Build.0 = Release|Any CPU
	EndGlobalSection
	GlobalSection(SolutionProperties) = preSolution
		HideSolutionNode = FALSE
	EndGlobalSection
	GlobalSection(ExtensibilityGlobals) = postSolution
		SolutionGuid = {3820D7EF-25A9-42A1-A97A-E4BE4AB5B8AA}
	EndGlobalSection
EndGlobal
